
Microsoft Visual Studio Solution File, Format Version 12.00
# Visual Studio Version 16
VisualStudioVersion = 16.0.29709.97
MinimumVisualStudioVersion = 10.0.40219.1
Project("{FAE04EC0-301F-11D3-BF4B-00C04F79EFBC}") = "Lab4_EDII", "Lab4_EDII\Lab4_EDII.csproj", "{9154E8ED-5383-483C-B0BF-6FA0C493E1A6}"
EndProject
Global
	GlobalSection(SolutionConfigurationPlatforms) = preSolution
		Debug|Any CPU = Debug|Any CPU
		Release|Any CPU = Release|Any CPU
	EndGlobalSection
	GlobalSection(ProjectConfigurationPlatforms) = postSolution
		{9154E8ED-5383-483C-B0BF-6FA0C493E1A6}.Debug|Any CPU.ActiveCfg = Debug|Any CPU
		{9154E8ED-5383-483C-B0BF-6FA0C493E1A6}.Debug|Any CPU.Build.0 = Debug|Any CPU
		{9154E8ED-5383-483C-B0BF-6FA0C493E1A6}.Release|Any CPU.ActiveCfg = Release|Any CPU
		{9154E8ED-5383-483C-B0BF-6FA0C493E1A6}.Release|Any CPU.Build.0 = Release|Any CPU
	EndGlobalSection
	GlobalSection(SolutionProperties) = preSolution
		HideSolutionNode = FALSE
	EndGlobalSection
	GlobalSection(ExtensibilityGlobals) = postSolution
		SolutionGuid = {30FEB5C2-1FB9-4916-BA9E-F31E9DE90ADE}
	EndGlobalSection
EndGlobal
